Microsoft Visual Studio Solution File, Format Version 12.00
# Visual Studio Version 17
VisualStudioVersion = 17.5.2.0
MinimumVisualStudioVersion = 10.0.40219.1
Project("{FAE04EC0-301F-11D3-BF4B-00C04F79EFBC}") = "Lab02-Brovchencko", "Lab02-Brovchencko.csproj", "{EE29760E-CA8C-5BAA-B7C5-C0E95BC76402}"
EndProject
Global
	GlobalSection(SolutionConfigurationPlatforms) = preSolution
		Debug|Any CPU = Debug|Any CPU
		Release|Any CPU = Release|Any CPU
	EndGlobalSection
	GlobalSection(ProjectConfigurationPlatforms) = postSolution
		{EE29760E-CA8C-5BAA-B7C5-C0E95BC76402}.Debug|Any CPU.ActiveCfg = Debug|Any CPU
		{EE29760E-CA8C-5BAA-B7C5-C0E95BC76402}.Debug|Any CPU.Build.0 = Debug|Any CPU
		{EE29760E-CA8C-5BAA-B7C5-C0E95BC76402}.Release|Any CPU.ActiveCfg = Release|Any CPU
		{EE29760E-CA8C-5BAA-B7C5-C0E95BC76402}.Release|Any CPU.Build.0 = Release|Any CPU
	EndGlobalSection
	GlobalSection(SolutionProperties) = preSolution
		HideSolutionNode = FALSE
	EndGlobalSection
	GlobalSection(ExtensibilityGlobals) = postSolution
		SolutionGuid = {D53C3764-2DFE-4049-821C-762F6E3671B5}
	EndGlobalSection
EndGlobal
